{
  "name": "png-theme-designer",
  "version": "1.0.0",
  "lockfileVersion": 3,
  "requires": true,
  "packages": {
    "": {
      "name": "png-theme-designer",
      "version": "1.0.0",
      "license": "MIT",
      "dependencies": {
        "png-theme-designer": "../png-theme-designer"
      }
    },
    "../png-theme-designer": {
      "version": "1.0.0",
      "license": "MIT",
      "dependencies": {
        "tslib": "^2.3.0"
      },
      "peerDependencies": {
        "@angular/common": "^19.0.0",
        "@angular/core": "^19.0.0"
      }
    },
    "../projects/png-theme-designer": {
      "extraneous": true
    },
    "node_modules/png-theme-designer": {
      "resolved": "../png-theme-designer",
      "link": true
    },
    "projects/png-theme-designer": {
      "extraneous": true
    }
  }
}
